
Microsoft Visual Studio Solution File, Format Version 12.00
# Visual Studio Version 16
VisualStudioVersion = 16.0.31515.178
MinimumVisualStudioVersion = 10.0.40219.1
Project("{9A19103F-16F7-4668-BE54-9A1E7A4F7556}") = "CQRS", "CQRS\CQRS.csproj", "{5EDDD9A2-18F4-4B6A-880B-3B5D44A24FDB}"
EndProject
Project("{9A19103F-16F7-4668-BE54-9A1E7A4F7556}") = "CQRS.ConsoleDebugger", "CQRS.ConsoleDebugger\CQRS.ConsoleDebugger.csproj", "{0899ECF4-537B-4B2E-933D-7352D265DDD4}"
EndProject
Project("{9A19103F-16F7-4668-BE54-9A1E7A4F7556}") = "CQRS.Test", "CQRS.Tests\CQRS.Test.csproj", "{28AAA0F6-B514-4437-BF6D-EA7A4A0C9214}"
EndProject
Project("{9A19103F-16F7-4668-BE54-9A1E7A4F7556}") = "Ecommerce.WriteModel", "EcommerceModels\Ecommerce.WriteModel.csproj", "{7DB8465E-CB86-405F-9130-D3184DBFC8EB}"
EndProject
Project("{9A19103F-16F7-4668-BE54-9A1E7A4F7556}") = "Ecommerce.Test", "Ecommerce.Test\Ecommerce.Test.csproj", "{91D374EF-6CA0-4FA4-A57C-717F6A70A5CD}"
EndProject
Project("{FAE04EC0-301F-11D3-BF4B-00C04F79EFBC}") = "Ecommerce.ReadModel", "Ecommerce.ReadModel\Ecommerce.ReadModel.csproj", "{9E0808F8-AB81-4DE0-9A21-91EE4E18767C}"
EndProject
Global
	GlobalSection(SolutionConfigurationPlatforms) = preSolution
		Debug|Any CPU = Debug|Any CPU
		Release|Any CPU = Release|Any CPU
	EndGlobalSection
	GlobalSection(ProjectConfigurationPlatforms) = postSolution
		{5EDDD9A2-18F4-4B6A-880B-3B5D44A24FDB}.Debug|Any CPU.ActiveCfg = Debug|Any CPU
		{5EDDD9A2-18F4-4B6A-880B-3B5D44A24FDB}.Debug|Any CPU.Build.0 = Debug|Any CPU
		{5EDDD9A2-18F4-4B6A-880B-3B5D44A24FDB}.Release|Any CPU.ActiveCfg = Release|Any CPU
		{5EDDD9A2-18F4-4B6A-880B-3B5D44A24FDB}.Release|Any CPU.Build.0 = Release|Any CPU
		{0899ECF4-537B-4B2E-933D-7352D265DDD4}.Debug|Any CPU.ActiveCfg = Debug|Any CPU
		{0899ECF4-537B-4B2E-933D-7352D265DDD4}.Debug|Any CPU.Build.0 = Debug|Any CPU
		{0899ECF4-537B-4B2E-933D-7352D265DDD4}.Release|Any CPU.ActiveCfg = Release|Any CPU
		{0899ECF4-537B-4B2E-933D-7352D265DDD4}.Release|Any CPU.Build.0 = Release|Any CPU
		{28AAA0F6-B514-4437-BF6D-EA7A4A0C9214}.Debug|Any CPU.ActiveCfg = Debug|Any CPU
		{28AAA0F6-B514-4437-BF6D-EA7A4A0C9214}.Debug|Any CPU.Build.0 = Debug|Any CPU
		{28AAA0F6-B514-4437-BF6D-EA7A4A0C9214}.Release|Any CPU.ActiveCfg = Release|Any CPU
		{28AAA0F6-B514-4437-BF6D-EA7A4A0C9214}.Release|Any CPU.Build.0 = Release|Any CPU
		{7DB8465E-CB86-405F-9130-D3184DBFC8EB}.Debug|Any CPU.ActiveCfg = Debug|Any CPU
		{7DB8465E-CB86-405F-9130-D3184DBFC8EB}.Debug|Any CPU.Build.0 = Debug|Any CPU
		{7DB8465E-CB86-405F-9130-D3184DBFC8EB}.Release|Any CPU.ActiveCfg = Release|Any CPU
		{7DB8465E-CB86-405F-9130-D3184DBFC8EB}.Release|Any CPU.Build.0 = Release|Any CPU
		{91D374EF-6CA0-4FA4-A57C-717F6A70A5CD}.Debug|Any CPU.ActiveCfg = Debug|Any CPU
		{91D374EF-6CA0-4FA4-A57C-717F6A70A5CD}.Debug|Any CPU.Build.0 = Debug|Any CPU
		{91D374EF-6CA0-4FA4-A57C-717F6A70A5CD}.Release|Any CPU.ActiveCfg = Release|Any CPU
		{91D374EF-6CA0-4FA4-A57C-717F6A70A5CD}.Release|Any CPU.Build.0 = Release|Any CPU
		{9E0808F8-AB81-4DE0-9A21-91EE4E18767C}.Debug|Any CPU.ActiveCfg = Debug|Any CPU
		{9E0808F8-AB81-4DE0-9A21-91EE4E18767C}.Debug|Any CPU.Build.0 = Debug|Any CPU
		{9E0808F8-AB81-4DE0-9A21-91EE4E18767C}.Release|Any CPU.ActiveCfg = Release|Any CPU
		{9E0808F8-AB81-4DE0-9A21-91EE4E18767C}.Release|Any CPU.Build.0 = Release|Any CPU
	EndGlobalSection
	GlobalSection(SolutionProperties) = preSolution
		HideSolutionNode = FALSE
	EndGlobalSection
	GlobalSection(ExtensibilityGlobals) = postSolution
		SolutionGuid = {D9F1252E-9BB9-4306-8B1A-1E851891BAAE}
	EndGlobalSection
EndGlobal
